
Microsoft Visual Studio Solution File, Format Version 12.00
# Visual Studio Version 17
VisualStudioVersion = 17.6.33815.320
MinimumVisualStudioVersion = 10.0.40219.1
Project("{FAE04EC0-301F-11D3-BF4B-00C04F79EFBC}") = "Phase3Section2.20", "Phase3Section2.20\Phase3Section2.20.csproj", "{B2C2E020-4F8B-43E1-85DC-12F02DDC7BB5}"
EndProject
Global
	GlobalSection(SolutionConfigurationPlatforms) = preSolution
		Debug|Any CPU = Debug|Any CPU
		Release|Any CPU = Release|Any CPU
	EndGlobalSection
	GlobalSection(ProjectConfigurationPlatforms) = postSolution
		{B2C2E020-4F8B-43E1-85DC-12F02DDC7BB5}.Debug|Any CPU.ActiveCfg = Debug|Any CPU
		{B2C2E020-4F8B-43E1-85DC-12F02DDC7BB5}.Debug|Any CPU.Build.0 = Debug|Any CPU
		{B2C2E020-4F8B-43E1-85DC-12F02DDC7BB5}.Release|Any CPU.ActiveCfg = Release|Any CPU
		{B2C2E020-4F8B-43E1-85DC-12F02DDC7BB5}.Release|Any CPU.Build.0 = Release|Any CPU
	EndGlobalSection
	GlobalSection(SolutionProperties) = preSolution
		HideSolutionNode = FALSE
	EndGlobalSection
	GlobalSection(ExtensibilityGlobals) = postSolution
		SolutionGuid = {1A8B6A12-16BD-4577-B03E-8C65A9C9D03C}
	EndGlobalSection
EndGlobal
